
Microsoft Visual Studio Solution File, Format Version 12.00
# Visual Studio Version 17
VisualStudioVersion = 17.14.36603.0 d17.14
MinimumVisualStudioVersion = 10.0.40219.1
Project("{FAE04EC0-301F-11D3-BF4B-00C04F79EFBC}") = "HttpProxy", "HttpProxy\HttpProxy.csproj", "{BB315624-2984-476B-9321-188EC7BCC71D}"
EndProject
Global
	GlobalSection(SolutionConfigurationPlatforms) = preSolution
		Debug|Any CPU = Debug|Any CPU
		Release|Any CPU = Release|Any CPU
	EndGlobalSection
	GlobalSection(ProjectConfigurationPlatforms) = postSolution
		{BB315624-2984-476B-9321-188EC7BCC71D}.Debug|Any CPU.ActiveCfg = Debug|Any CPU
		{BB315624-2984-476B-9321-188EC7BCC71D}.Debug|Any CPU.Build.0 = Debug|Any CPU
		{BB315624-2984-476B-9321-188EC7BCC71D}.Release|Any CPU.ActiveCfg = Release|Any CPU
		{BB315624-2984-476B-9321-188EC7BCC71D}.Release|Any CPU.Build.0 = Release|Any CPU
	EndGlobalSection
	GlobalSection(SolutionProperties) = preSolution
		HideSolutionNode = FALSE
	EndGlobalSection
	GlobalSection(ExtensibilityGlobals) = postSolution
		SolutionGuid = {0E42E593-AB80-4596-A672-9557C16567A8}
	EndGlobalSection
EndGlobal
